
Microsoft Visual Studio Solution File, Format Version 12.00
Project("{FAE04EC0-301F-11D3-BF4B-00C04F79EFBC}") = "OctoSkills", "OctoSkills\OctoSkills.csproj", "{AF1FFEB9-3178-4BE5-88D0-3473AD1B898A}"
EndProject
Global
	GlobalSection(SolutionConfigurationPlatforms) = preSolution
		Debug|Any CPU = Debug|Any CPU
		Release|Any CPU = Release|Any CPU
	EndGlobalSection
	GlobalSection(ProjectConfigurationPlatforms) = postSolution
		{AF1FFEB9-3178-4BE5-88D0-3473AD1B898A}.Debug|Any CPU.ActiveCfg = Debug|Any CPU
		{AF1FFEB9-3178-4BE5-88D0-3473AD1B898A}.Debug|Any CPU.Build.0 = Debug|Any CPU
		{AF1FFEB9-3178-4BE5-88D0-3473AD1B898A}.Release|Any CPU.ActiveCfg = Release|Any CPU
		{AF1FFEB9-3178-4BE5-88D0-3473AD1B898A}.Release|Any CPU.Build.0 = Release|Any CPU
	EndGlobalSection
EndGlobal
